
Microsoft Visual Studio Solution File, Format Version 12.00
# Visual Studio Version 17
VisualStudioVersion = 17.11.35327.3
MinimumVisualStudioVersion = 10.0.40219.1
Project("{FAE04EC0-301F-11D3-BF4B-00C04F79EFBC}") = "Gym_api", "Gym_api\Gym_api.csproj", "{8131A57E-8058-4392-9EFB-3F44D1AF5EE2}"
EndProject
Global
	GlobalSection(SolutionConfigurationPlatforms) = preSolution
		Debug|Any CPU = Debug|Any CPU
		Release|Any CPU = Release|Any CPU
	EndGlobalSection
	GlobalSection(ProjectConfigurationPlatforms) = postSolution
		{8131A57E-8058-4392-9EFB-3F44D1AF5EE2}.Debug|Any CPU.ActiveCfg = Debug|Any CPU
		{8131A57E-8058-4392-9EFB-3F44D1AF5EE2}.Debug|Any CPU.Build.0 = Debug|Any CPU
		{8131A57E-8058-4392-9EFB-3F44D1AF5EE2}.Release|Any CPU.ActiveCfg = Release|Any CPU
		{8131A57E-8058-4392-9EFB-3F44D1AF5EE2}.Release|Any CPU.Build.0 = Release|Any CPU
	EndGlobalSection
	GlobalSection(SolutionProperties) = preSolution
		HideSolutionNode = FALSE
	EndGlobalSection
	GlobalSection(ExtensibilityGlobals) = postSolution
		SolutionGuid = {AF233F75-985E-428E-8E07-B9DD4020AA5F}
	EndGlobalSection
EndGlobal
